
COCOAPODS: 0.16.0

DEPENDENCIES: 
- BlocksKit (~> 1.8.1)
- MagicalRecord (~> 2.0.8)

PODS: 
- BlocksKit (1.8.1): 
  - libffi
- MagicalRecord (2.0.8)
- libffi (3.0.11)

SPEC CHECKSUMS: 
  MagicalRecord: daa15d6c83bd7d30e074c8923e53c64248ae6930
  BlocksKit: 18102744fd7c44b54f1e54ce6ffe9258bcb5df81
  libffi: 8a1d9ba43c0c84b546b42c6f742714e73aa07ae1
